# dockpin apt lock file v1
base-image=base-v1

'https://updates.software-univention.de/pool/main/p/python3.7/libpython3.7-minimal_3.7.3-2+deb10u7_amd64.deb' libpython3.7-minimal_3.7.3-2+deb10u7_amd64.deb 590360 MD5Sum:27f95096d5d43b631296e8495fcae915
'https://updates.software-univention.de/pool/main/e/expat/libexpat1_2.2.6-2+deb10u6_amd64.deb' libexpat1_2.2.6-2+deb10u6_amd64.deb 108352 MD5Sum:3bd1c52df7df3aa42885d8941eb57cf3
'https://updates.software-univention.de/pool/main/p/python3.7/python3.7-minimal_3.7.3-2+deb10u7_amd64.deb' python3.7-minimal_3.7.3-2+deb10u7_amd64.deb 1735088 MD5Sum:b19461678eb05e9e009d1839ee165afa
'https://updates.software-univention.de/pool/main/p/python3-defaults/python3-minimal_3.7.3-1_amd64.deb' python3-minimal_3.7.3-1_amd64.deb 36600 MD5Sum:6660f92d223ceb0148c1569c89d04065
'https://updates.software-univention.de/pool/main/m/mime-support/mime-support_3.62_all.deb' mime-support_3.62_all.deb 37228 MD5Sum:2afe5c74c9df28398663f1be782de6c3
'https://updates.software-univention.de/pool/main/m/mpdecimal/libmpdec2_2.4.2-2_amd64.deb' libmpdec2_2.4.2-2_amd64.deb 87156 MD5Sum:24a92d6650e1f4e308fb273595e09861
'https://updates.software-univention.de/pool/main/r/readline/readline-common_7.0-5_all.deb' readline-common_7.0-5_all.deb 70572 MD5Sum:9029400671685a94dee31d91c1c080b9
'https://updates.software-univention.de/pool/main/r/readline/libreadline7_7.0-5_amd64.deb' libreadline7_7.0-5_amd64.deb 151036 MD5Sum:1864f9810fbbf7c7bec9ed5ce9459e64
'https://updates.software-univention.de/pool/main/s/sqlite3/libsqlite3-0_3.27.2-3+deb10u2_amd64.deb' libsqlite3-0_3.27.2-3+deb10u2_amd64.deb 641344 MD5Sum:c57f3d8cab4db3c264d9852f6b8389d5
'https://updates.software-univention.de/pool/main/p/python3.7/libpython3.7-stdlib_3.7.3-2+deb10u7_amd64.deb' libpython3.7-stdlib_3.7.3-2+deb10u7_amd64.deb 1732672 MD5Sum:8e74551e2eeff8d20c0f1445e0a1c6c7
'https://updates.software-univention.de/pool/main/p/python3.7/python3.7_3.7.3-2+deb10u7_amd64.deb' python3.7_3.7.3-2+deb10u7_amd64.deb 330752 MD5Sum:bb571928177ca8f0775ba571b70c253c
'https://updates.software-univention.de/pool/main/p/python3-defaults/libpython3-stdlib_3.7.3-1_amd64.deb' libpython3-stdlib_3.7.3-1_amd64.deb 20040 MD5Sum:5819ee55fd3cd4d4eaed6435f0668710
'https://updates.software-univention.de/pool/main/p/python3-defaults/python3_3.7.3-1_amd64.deb' python3_3.7.3-1_amd64.deb 61508 MD5Sum:56ba1594876e580d1d5551dc4e6fa037
'https://updates.software-univention.de/pool/main/f/file/libmagic-mgc_5.35-4+deb10u2_amd64.deb' libmagic-mgc_1%3a5.35-4+deb10u2_amd64.deb 242296 MD5Sum:7fd3dd10e3d64c4dcff8e9af71b234f8
'https://updates.software-univention.de/pool/main/f/file/libmagic1_5.35-4+deb10u2_amd64.deb' libmagic1_1%3a5.35-4+deb10u2_amd64.deb 117560 MD5Sum:bae903c3fa5e8169eb55c459130b2efd
'https://updates.software-univention.de/pool/main/f/file/file_5.35-4+deb10u2_amd64.deb' file_1%3a5.35-4+deb10u2_amd64.deb 66448 MD5Sum:df0826e2644ffeaa76b4e87b93ab1d80
'https://updates.software-univention.de/pool/main/g/glibc/libc-l10n_2.28-10+deb10u2_all.deb' libc-l10n_2.28-10+deb10u2_all.deb 846268 MD5Sum:bc0ddc0557879a0352c249aa5b77dc79
'https://updates.software-univention.de/pool/main/g/glibc/locales_2.28-10+deb10u2_all.deb' locales_2.28-10+deb10u2_all.deb 4057636 MD5Sum:2e908d2bd8d6b8395327e1421daffe0c
'https://updates.software-univention.de/pool/main/c/cracklib2/libcrack2_2.9.6-2_amd64.deb' libcrack2_2.9.6-2_amd64.deb 55404 MD5Sum:95718ea3000107f8231ac14e383dc302
'https://updates.software-univention.de/pool/main/c/cracklib2/cracklib-runtime_2.9.6-2_amd64.deb' cracklib-runtime_2.9.6-2_amd64.deb 154688 MD5Sum:f700bc486a73de686c298128824f34ec
'https://updates.software-univention.de/pool/main/h/heimdal/libroken18-heimdal_7.5.0+dfsg-3+deb10u2A~5.0.3.202302131713_amd64.deb' libroken18-heimdal_7.5.0+dfsg-3+deb10u2A~5.0.3.202302131713_amd64.deb 67408 MD5Sum:866c2355972e747694f8be3fa50aadae
'https://updates.software-univention.de/pool/main/h/heimdal/libasn1-8-heimdal_7.5.0+dfsg-3+deb10u2A~5.0.3.202302131713_amd64.deb' libasn1-8-heimdal_7.5.0+dfsg-3+deb10u2A~5.0.3.202302131713_amd64.deb 214192 MD5Sum:04c3b327d84a01c6077ea65ea3539185
'https://updates.software-univention.de/pool/main/libb/libbsd/libbsd0_0.9.1-2+deb10u1_amd64.deb' libbsd0_0.9.1-2+deb10u1_amd64.deb 99492 MD5Sum:afca9b8ce3abce160efb0b64a2a8cb05
'https://updates.software-univention.de/pool/main/libc/libcap2/libcap2_2.25-2_amd64.deb' libcap2_1%3a2.25-2_amd64.deb 17572 MD5Sum:4193be744d3f5fff07e51a0d4dbf8463
'https://updates.software-univention.de/pool/main/k/keyutils/libkeyutils1_1.6-6_amd64.deb' libkeyutils1_1.6-6_amd64.deb 15044 MD5Sum:cc4308d7be1a96725245b65fb3ad0aef
'https://updates.software-univention.de/pool/main/k/krb5/libkrb5support0_1.17-3+deb10u6_amd64.deb' libkrb5support0_1.17-3+deb10u6_amd64.deb 66148 MD5Sum:388b08c90fcca4da7b2de2c11f9e3683
'https://updates.software-univention.de/pool/main/k/krb5/libk5crypto3_1.17-3+deb10u6_amd64.deb' libk5crypto3_1.17-3+deb10u6_amd64.deb 122220 MD5Sum:cfcf9393529c2a0e4f3d99fb7a4e13af
'https://updates.software-univention.de/pool/main/k/krb5/libkrb5-3_1.17-3+deb10u6_amd64.deb' libkrb5-3_1.17-3+deb10u6_amd64.deb 369460 MD5Sum:2ee2c67f66e4b40728d1f9eef5419814
'https://updates.software-univention.de/pool/main/k/krb5/libgssapi-krb5-2_1.17-3+deb10u6_amd64.deb' libgssapi-krb5-2_1.17-3+deb10u6_amd64.deb 158600 MD5Sum:17559765dedd4a560ac3df720dd40b60
'https://updates.software-univention.de/pool/main/c/cyrus-sasl2/libsasl2-modules-db_2.1.27+dfsg-1+deb10u2_amd64.deb' libsasl2-modules-db_2.1.27+dfsg-1+deb10u2_amd64.deb 69200 MD5Sum:108334cfcfd6225b8cfd6d113ec71a17
'https://updates.software-univention.de/pool/main/c/cyrus-sasl2/libsasl2-2_2.1.27+dfsg-1+deb10u2_amd64.deb' libsasl2-2_2.1.27+dfsg-1+deb10u2_amd64.deb 106236 MD5Sum:275d9dfd12cf5b7c7a9ee17ed6a087e6
'https://updates.software-univention.de/pool/main/o/openldap/libldap-common_2.4.47+dfsg-3+deb10u7A~5.0.1.202205211909_all.deb' libldap-common_2.4.47+dfsg-3+deb10u7A~5.0.1.202205211909_all.deb 90624 MD5Sum:30e24b2ef2921e8c6314dacd89c38343
'https://updates.software-univention.de/pool/main/o/openldap/libldap-2.4-2_2.4.47+dfsg-3+deb10u7A~5.0.1.202205211909_amd64.deb' libldap-2.4-2_2.4.47+dfsg-3+deb10u7A~5.0.1.202205211909_amd64.deb 226592 MD5Sum:5fb8b12cb1b23375db6a4e29da858795
'https://updates.software-univention.de/pool/main/n/nghttp2/libnghttp2-14_1.36.0-2+deb10u2_amd64.deb' libnghttp2-14_1.36.0-2+deb10u2_amd64.deb 85772 MD5Sum:23c1b6288096a55853e84a9a5f2da3ee
'https://updates.software-univention.de/pool/main/libp/libpsl/libpsl5_0.20.2-2_amd64.deb' libpsl5_0.20.2-2_amd64.deb 53716 MD5Sum:f7911e3d27efe3c5f81355aa83e9fb07
'https://updates.software-univention.de/pool/main/r/rtmpdump/librtmp1_2.4+20151223.gitfa8646d.1-2_amd64.deb' librtmp1_2.4+20151223.gitfa8646d.1-2_amd64.deb 60472 MD5Sum:f41affafb699efcd536d4f4c14ad9c7f
'https://updates.software-univention.de/pool/main/libs/libssh2/libssh2-1_1.8.0-2.1+deb10u1_amd64.deb' libssh2-1_1.8.0-2.1+deb10u1_amd64.deb 140960 MD5Sum:ec759c5c7a918bb4834b351bf664acb1
'https://updates.software-univention.de/pool/main/c/curl/libcurl3-gnutls_7.64.0-4+deb10u9_amd64.deb' libcurl3-gnutls_7.64.0-4+deb10u9_amd64.deb 333288 MD5Sum:abc37fe3cdde2e75a62b31e53485c371
'https://updates.software-univention.de/pool/main/libp/libpng1.6/libpng16-16_1.6.36-6_amd64.deb' libpng16-16_1.6.36-6_amd64.deb 292020 MD5Sum:e7d08fac51aac08c36f3c733a39469c4
'https://updates.software-univention.de/pool/main/f/freetype/libfreetype6_2.9.1-3+deb10u3_amd64.deb' libfreetype6_2.9.1-3+deb10u3_amd64.deb 379752 MD5Sum:7b7d7aa6c2c4e65030a73affe3c1943c
'https://updates.software-univention.de/pool/main/h/heimdal/libheimbase1-heimdal_7.5.0+dfsg-3+deb10u2A~5.0.3.202302131713_amd64.deb' libheimbase1-heimdal_7.5.0+dfsg-3+deb10u2A~5.0.3.202302131713_amd64.deb 55240 MD5Sum:8b7028c84fe05b3e60449f1861995f51
'https://updates.software-univention.de/pool/main/h/heimdal/libhcrypto4-heimdal_7.5.0+dfsg-3+deb10u2A~5.0.3.202302131713_amd64.deb' libhcrypto4-heimdal_7.5.0+dfsg-3+deb10u2A~5.0.3.202302131713_amd64.deb 114752 MD5Sum:75f9a38dcab3bf942903ddd1e1532053
'https://updates.software-univention.de/pool/main/h/heimdal/libwind0-heimdal_7.5.0+dfsg-3+deb10u2A~5.0.3.202302131713_amd64.deb' libwind0-heimdal_7.5.0+dfsg-3+deb10u2A~5.0.3.202302131713_amd64.deb 75272 MD5Sum:4eb1d58616fb529b91f815acfe83b0e8
'https://updates.software-univention.de/pool/main/h/heimdal/libhx509-5-heimdal_7.5.0+dfsg-3+deb10u2A~5.0.3.202302131713_amd64.deb' libhx509-5-heimdal_7.5.0+dfsg-3+deb10u2A~5.0.3.202302131713_amd64.deb 135272 MD5Sum:d6d2b638c397968c22d411bc754286c9
'https://updates.software-univention.de/pool/main/h/heimdal/libkrb5-26-heimdal_7.5.0+dfsg-3+deb10u2A~5.0.3.202302131713_amd64.deb' libkrb5-26-heimdal_7.5.0+dfsg-3+deb10u2A~5.0.3.202302131713_amd64.deb 236556 MD5Sum:4eedee0057ced7f33355acaebb64723c
'https://updates.software-univention.de/pool/main/h/heimdal/libhdb9-heimdal_7.5.0+dfsg-3+deb10u2A~5.0.3.202302131713_amd64.deb' libhdb9-heimdal_7.5.0+dfsg-3+deb10u2A~5.0.3.202302131713_amd64.deb 91912 MD5Sum:25b4910567af3e3f626d55c2c204f76e
'https://updates.software-univention.de/pool/main/i/icu/libicu63_63.1-6+deb10u3_amd64.deb' libicu63_63.1-6+deb10u3_amd64.deb 8293436 MD5Sum:248dfd77ff694895b5c2bc671c94c0e3
'https://updates.software-univention.de/pool/main/libi/libimagequant/libimagequant0_2.12.2-1.1_amd64.deb' libimagequant0_2.12.2-1.1_amd64.deb 32504 MD5Sum:13a314c71264e8388a3185129e58961a
'https://updates.software-univention.de/pool/main/j/jansson/libjansson4_2.12-1_amd64.deb' libjansson4_2.12-1_amd64.deb 38020 MD5Sum:31f098fa6dad708379f17108eb2540c2
'https://updates.software-univention.de/pool/main/j/jbigkit/libjbig0_2.1-3.1+b2_amd64.deb' libjbig0_2.1-3.1+b2_amd64.deb 30964 MD5Sum:dcbddc0d282854cfd7d43fb8071f18a0
'https://updates.software-univention.de/pool/main/libj/libjpeg-turbo/libjpeg62-turbo_1.5.2-2+deb10u1_amd64.deb' libjpeg62-turbo_1%3a1.5.2-2+deb10u1_amd64.deb 133200 MD5Sum:456c9099a2ea24f2d4e6d60faf6dc8c6
'https://updates.software-univention.de/pool/main/l/lcms2/liblcms2-2_2.9-3_amd64.deb' liblcms2-2_2.9-3_amd64.deb 145288 MD5Sum:34a14897805c74d40117eb0d41e6e758
'https://updates.software-univention.de/pool/main/l/lmdb/liblmdb0_0.9.22-1_amd64.deb' liblmdb0_0.9.22-1_amd64.deb 44956 MD5Sum:c338bfc2f1cf1793c7ce3a4cb3e2469e
'https://updates.software-univention.de/pool/main/t/talloc/libtalloc2_2.4.0-f2A~5.0.0.202304171133_amd64.deb' libtalloc2_2.4.0-f2A~5.0.0.202304171133_amd64.deb 40684 MD5Sum:f7e2625c3d36f9d344258e9e9f36fd96
'https://updates.software-univention.de/pool/main/t/tdb/libtdb1_1.4.8-2A~5.0.0.202304171147_amd64.deb' libtdb1_1.4.8-2A~5.0.0.202304171147_amd64.deb 50872 MD5Sum:283ad1cd7aa2f6e1f47c7ad7a26f5913
'https://updates.software-univention.de/pool/main/t/tevent/libtevent0_0.14.1-1A~5.0.0.202304171145_amd64.deb' libtevent0_0.14.1-1A~5.0.0.202304171145_amd64.deb 40240 MD5Sum:32858c64c81a3978b01d1da79638838d
'https://updates.software-univention.de/pool/main/s/samba/libldb2_2.7.2+samba4.18.3-1A~5.0.0.202403051313_amd64.deb' libldb2_2%3a2.7.2+samba4.18.3-1A~5.0.0.202403051313_amd64.deb 257288 MD5Sum:3e9d29c38d54989f8874251adf92b442
'https://updates.software-univention.de/pool/main/p/popt/libpopt0_1.16-12_amd64.deb' libpopt0_1.16-12_amd64.deb 49360 MD5Sum:3fa0855f1b2e0dc15cd3c71dba198afb
'https://updates.software-univention.de/pool/main/p/python3.7/libpython3.7_3.7.3-2+deb10u7_amd64.deb' libpython3.7_3.7.3-2+deb10u7_amd64.deb 1499104 MD5Sum:66410e37735345eb09d4786716f964d2
'https://updates.software-univention.de/pool/main/libw/libwebp/libwebp6_0.6.1-2+deb10u3_amd64.deb' libwebp6_0.6.1-2+deb10u3_amd64.deb 262832 MD5Sum:7f1c4f4ec64cf5f78ce425d60f87a917
'https://updates.software-univention.de/pool/main/t/tiff/libtiff5_4.1.0+git191117-2~deb10u9_amd64.deb' libtiff5_4.1.0+git191117-2~deb10u9_amd64.deb 273316 MD5Sum:0e851109ed227b14dfb121238e36eec6
'https://updates.software-univention.de/pool/main/s/samba/libwbclient0_4.18.3-1A~5.0.0.202403051313_amd64.deb' libwbclient0_2%3a4.18.3-1A~5.0.0.202403051313_amd64.deb 149500 MD5Sum:f21e1acf97f0b55a171df27564fa64a9
'https://updates.software-univention.de/pool/main/libw/libwebp/libwebpdemux2_0.6.1-2+deb10u3_amd64.deb' libwebpdemux2_0.6.1-2+deb10u3_amd64.deb 87864 MD5Sum:bfdb88f7902c5fb89b83810eb3589bd8
'https://updates.software-univention.de/pool/main/libw/libwebp/libwebpmux3_0.6.1-2+deb10u3_amd64.deb' libwebpmux3_0.6.1-2+deb10u3_amd64.deb 98072 MD5Sum:36708e2aab2f5b5897cbfce9dc8b62fc
'https://updates.software-univention.de/pool/main/c/cracklib2/python3-cracklib_2.9.6-2_amd64.deb' python3-cracklib_2.9.6-2_amd64.deb 24080 MD5Sum:cc8b7dbbb88e000d6c6beaf16670ddf2
'https://updates.software-univention.de/pool/main/p/pyasn1/python3-pyasn1_0.4.2-3_all.deb' python3-pyasn1_0.4.2-3_all.deb 57680 MD5Sum:eac25b01ad48b6f4d5aee477bfcac9ea
'https://updates.software-univention.de/pool/main/p/python-pyasn1-modules/python3-pyasn1-modules_0.2.1-0.2_all.deb' python3-pyasn1-modules_0.2.1-0.2_all.deb 34500 MD5Sum:4cd11d566a14a0d41edb559be4206c5b
'https://updates.software-univention.de/pool/main/p/python-ldap/python3-ldap_3.1.0-2A~5.0.0.202212160954_amd64.deb' python3-ldap_3.1.0-2A~5.0.0.202212160954_amd64.deb 110048 MD5Sum:f8e882b7c50123c37678e7b01b1bca54
'https://updates.software-univention.de/pool/main/s/samba/python3-ldb_2.7.2+samba4.18.3-1A~5.0.0.202403051313_amd64.deb' python3-ldb_2%3a2.7.2+samba4.18.3-1A~5.0.0.202403051313_amd64.deb 155100 MD5Sum:1364ea3a5dfaa34b039e40e8d658df34
'https://updates.software-univention.de/pool/main/p/python-magic/python3-magic_0.4.15-2_all.deb' python3-magic_2%3a0.4.15-2_all.deb 9256 MD5Sum:e99b61c23f48bd1b8013d9c9472033a9
'https://updates.software-univention.de/pool/main/p/pillow/python3-pil_5.4.1-2+deb10u5_amd64.deb' python3-pil_5.4.1-2+deb10u5_amd64.deb 395692 MD5Sum:bfb46c21b0c70c176b252bf16ece6484
'https://updates.software-univention.de/pool/main/t/tdb/python3-tdb_1.4.8-2A~5.0.0.202304171147_amd64.deb' python3-tdb_1.4.8-2A~5.0.0.202304171147_amd64.deb 21916 MD5Sum:4e636b8deec3c0ed53f2b6c363b59d9b
'https://updates.software-univention.de/pool/main/s/samba/samba-libs_4.18.3-1A~5.0.0.202403051313_amd64.deb' samba-libs_2%3a4.18.3-1A~5.0.0.202403051313_amd64.deb 5740392 MD5Sum:8bc1cb212ab51c56ff79987764ee1aec
'https://updates.software-univention.de/pool/main/t/talloc/python3-talloc_2.4.0-f2A~5.0.0.202304171133_amd64.deb' python3-talloc_2.4.0-f2A~5.0.0.202304171133_amd64.deb 18604 MD5Sum:8164f68b34b846fa4787a61f57985373
'https://updates.software-univention.de/pool/main/s/samba/python3-samba_4.18.3-1A~5.0.0.202403051313_amd64.deb' python3-samba_2%3a4.18.3-1A~5.0.0.202403051313_amd64.deb 2990952 MD5Sum:053c4d1d916bca6f4f5a05a03f772e73
'https://updates.software-univention.de/pool/main/s/six/python3-six_1.12.0-1_all.deb' python3-six_1.12.0-1_all.deb 15732 MD5Sum:75af07221e0fa0539032c01a5bc0f423
'https://updates.software-univention.de/pool/main/u/univention-python-heimdal/python3-univention-heimdal_10.0.1-1A~5.0.0.202302031914_amd64.deb' python3-univention-heimdal_10.0.1-1A~5.0.0.202302031914_amd64.deb 22992 MD5Sum:183eb7b59845d21cc01e47d23dab208d
