dependencies:
- name: nubus-common
  repository: oci://artifacts.software-univention.de/nubus-dev/charts
  version: 0.28.0-pre-dpapoutsis-nubus-common-templated-keymapping
digest: sha256:dbee36b3f59d16f1ba53025e9bdf19d445199f5068d00c58f22acf88ae2e61a1
generated: "2025-10-08T12:50:46.188972192+02:00"
